
Microsoft Visual Studio Solution File, Format Version 12.00
# Visual Studio Version 16
VisualStudioVersion = 16.0.31605.320
MinimumVisualStudioVersion = 10.0.40219.1
Project("{9A19103F-16F7-4668-BE54-9A1E7A4F7556}") = "APIGestionDev", "APIGestionDev\APIGestionDev.csproj", "{495496D7-BFC1-428A-910B-58E5E9BBAC84}"
EndProject
Project("{00D1A9C2-B5F0-4AF3-8072-F6C62B433612}") = "DBGestionDev", "DBGestionDev\DBGestionDev.sqlproj", "{76AA8BF2-EDAD-465E-AC9A-6B13BEC4EE54}"
EndProject
Global
	GlobalSection(SolutionConfigurationPlatforms) = preSolution
		Debug|Any CPU = Debug|Any CPU
		Release|Any CPU = Release|Any CPU
	EndGlobalSection
	GlobalSection(ProjectConfigurationPlatforms) = postSolution
		{495496D7-BFC1-428A-910B-58E5E9BBAC84}.Debug|Any CPU.ActiveCfg = Debug|Any CPU
		{495496D7-BFC1-428A-910B-58E5E9BBAC84}.Debug|Any CPU.Build.0 = Debug|Any CPU
		{495496D7-BFC1-428A-910B-58E5E9BBAC84}.Release|Any CPU.ActiveCfg = Release|Any CPU
		{495496D7-BFC1-428A-910B-58E5E9BBAC84}.Release|Any CPU.Build.0 = Release|Any CPU
		{76AA8BF2-EDAD-465E-AC9A-6B13BEC4EE54}.Debug|Any CPU.ActiveCfg = Debug|Any CPU
		{76AA8BF2-EDAD-465E-AC9A-6B13BEC4EE54}.Debug|Any CPU.Build.0 = Debug|Any CPU
		{76AA8BF2-EDAD-465E-AC9A-6B13BEC4EE54}.Debug|Any CPU.Deploy.0 = Debug|Any CPU
		{76AA8BF2-EDAD-465E-AC9A-6B13BEC4EE54}.Release|Any CPU.ActiveCfg = Release|Any CPU
		{76AA8BF2-EDAD-465E-AC9A-6B13BEC4EE54}.Release|Any CPU.Build.0 = Release|Any CPU
		{76AA8BF2-EDAD-465E-AC9A-6B13BEC4EE54}.Release|Any CPU.Deploy.0 = Release|Any CPU
	EndGlobalSection
	GlobalSection(SolutionProperties) = preSolution
		HideSolutionNode = FALSE
	EndGlobalSection
	GlobalSection(ExtensibilityGlobals) = postSolution
		SolutionGuid = {10AA0A1A-7B98-4611-8901-7C7EE86573CE}
	EndGlobalSection
EndGlobal
